
Microsoft Visual Studio Solution File, Format Version 12.00
# Visual Studio 2013
VisualStudioVersion = 12.0.40629.0
MinimumVisualStudioVersion = 10.0.40219.1
Project("{2150E333-8FDC-42A3-9474-1A3956D46DE8}") = "Engine", "Engine", "{7FD3BDEF-A0FF-432B-81C3-8CC63DBEAF10}"
EndProject
Project("{2150E333-8FDC-42A3-9474-1A3956D46DE8}") = "Games", "Games", "{B99AF4BE-48DD-413F-AA24-7D078CD07FC2}"
EndProject
Project("{8BC9CEB8-8B4A-11D0-8D11-00A0C91BC942}") = "UE4", "Intermediate\ProjectFiles\UE4.vcxproj", "{7D3977F4-9E79-4DE9-B36C-006713A78498}"
EndProject
Project("{8BC9CEB8-8B4A-11D0-8D11-00A0C91BC942}") = "NBody", "Intermediate\ProjectFiles\NBody.vcxproj", "{5A5C6BF3-B19C-4732-81AB-EE84C2E00615}"
	ProjectSection(ProjectDependencies) = postProject
		{FC5FE22C-9C91-4EFA-9D74-37DDE38F05D6} = {FC5FE22C-9C91-4EFA-9D74-37DDE38F05D6}
	EndProjectSection
EndProject
Project("{8BC9CEB8-8B4A-11D0-8D11-00A0C91BC942}") = "CUDALib", "ThirdParty\CUDALib\CUDALib.vcxproj", "{FC5FE22C-9C91-4EFA-9D74-37DDE38F05D6}"
EndProject
Global
	GlobalSection(SolutionConfigurationPlatforms) = preSolution
		Debug|Mixed Platforms = Debug|Mixed Platforms
		Debug|Win32 = Debug|Win32
		Debug|Win64 = Debug|Win64
		Debug|x64 = Debug|x64
		DebugGame Editor|Mixed Platforms = DebugGame Editor|Mixed Platforms
		DebugGame Editor|Win32 = DebugGame Editor|Win32
		DebugGame Editor|Win64 = DebugGame Editor|Win64
		DebugGame Editor|x64 = DebugGame Editor|x64
		DebugGame|Mixed Platforms = DebugGame|Mixed Platforms
		DebugGame|Win32 = DebugGame|Win32
		DebugGame|Win64 = DebugGame|Win64
		DebugGame|x64 = DebugGame|x64
		Development Editor|Mixed Platforms = Development Editor|Mixed Platforms
		Development Editor|Win32 = Development Editor|Win32
		Development Editor|Win64 = Development Editor|Win64
		Development Editor|x64 = Development Editor|x64
		Development|Mixed Platforms = Development|Mixed Platforms
		Development|Win32 = Development|Win32
		Development|Win64 = Development|Win64
		Development|x64 = Development|x64
		Release|Mixed Platforms = Release|Mixed Platforms
		Release|Win32 = Release|Win32
		Release|Win64 = Release|Win64
		Release|x64 = Release|x64
		Shipping|Mixed Platforms = Shipping|Mixed Platforms
		Shipping|Win32 = Shipping|Win32
		Shipping|Win64 = Shipping|Win64
		Shipping|x64 = Shipping|x64
	EndGlobalSection
	GlobalSection(ProjectConfigurationPlatforms) = postSolution
		{7D3977F4-9E79-4DE9-B36C-006713A78498}.Debug|Mixed Platforms.ActiveCfg = BuiltWithUnrealBuildTool|Win32
		{7D3977F4-9E79-4DE9-B36C-006713A78498}.Debug|Mixed Platforms.Build.0 = BuiltWithUnrealBuildTool|Win32
		{7D3977F4-9E79-4DE9-B36C-006713A78498}.Debug|Win32.ActiveCfg = BuiltWithUnrealBuildTool|Win32
		{7D3977F4-9E79-4DE9-B36C-006713A78498}.Debug|Win32.Build.0 = BuiltWithUnrealBuildTool|Win32
		{7D3977F4-9E79-4DE9-B36C-006713A78498}.Debug|Win64.ActiveCfg = BuiltWithUnrealBuildTool|Win32
		{7D3977F4-9E79-4DE9-B36C-006713A78498}.Debug|x64.ActiveCfg = BuiltWithUnrealBuildTool|Win32
		{7D3977F4-9E79-4DE9-B36C-006713A78498}.DebugGame Editor|Mixed Platforms.ActiveCfg = BuiltWithUnrealBuildTool|Win32
		{7D3977F4-9E79-4DE9-B36C-006713A78498}.DebugGame Editor|Mixed Platforms.Build.0 = BuiltWithUnrealBuildTool|Win32
		{7D3977F4-9E79-4DE9-B36C-006713A78498}.DebugGame Editor|Win32.ActiveCfg = BuiltWithUnrealBuildTool|Win32
		{7D3977F4-9E79-4DE9-B36C-006713A78498}.DebugGame Editor|Win32.Build.0 = BuiltWithUnrealBuildTool|Win32
		{7D3977F4-9E79-4DE9-B36C-006713A78498}.DebugGame Editor|Win64.ActiveCfg = BuiltWithUnrealBuildTool|Win32
		{7D3977F4-9E79-4DE9-B36C-006713A78498}.DebugGame Editor|x64.ActiveCfg = BuiltWithUnrealBuildTool|Win32
		{7D3977F4-9E79-4DE9-B36C-006713A78498}.DebugGame|Mixed Platforms.ActiveCfg = BuiltWithUnrealBuildTool|Win32
		{7D3977F4-9E79-4DE9-B36C-006713A78498}.DebugGame|Mixed Platforms.Build.0 = BuiltWithUnrealBuildTool|Win32
		{7D3977F4-9E79-4DE9-B36C-006713A78498}.DebugGame|Win32.ActiveCfg = BuiltWithUnrealBuildTool|Win32
		{7D3977F4-9E79-4DE9-B36C-006713A78498}.DebugGame|Win32.Build.0 = BuiltWithUnrealBuildTool|Win32
		{7D3977F4-9E79-4DE9-B36C-006713A78498}.DebugGame|Win64.ActiveCfg = BuiltWithUnrealBuildTool|Win32
		{7D3977F4-9E79-4DE9-B36C-006713A78498}.DebugGame|x64.ActiveCfg = BuiltWithUnrealBuildTool|Win32
		{7D3977F4-9E79-4DE9-B36C-006713A78498}.Development Editor|Mixed Platforms.ActiveCfg = BuiltWithUnrealBuildTool|Win32
		{7D3977F4-9E79-4DE9-B36C-006713A78498}.Development Editor|Mixed Platforms.Build.0 = BuiltWithUnrealBuildTool|Win32
		{7D3977F4-9E79-4DE9-B36C-006713A78498}.Development Editor|Win32.ActiveCfg = BuiltWithUnrealBuildTool|Win32
		{7D3977F4-9E79-4DE9-B36C-006713A78498}.Development Editor|Win32.Build.0 = BuiltWithUnrealBuildTool|Win32
		{7D3977F4-9E79-4DE9-B36C-006713A78498}.Development Editor|Win64.ActiveCfg = BuiltWithUnrealBuildTool|Win32
		{7D3977F4-9E79-4DE9-B36C-006713A78498}.Development Editor|x64.ActiveCfg = BuiltWithUnrealBuildTool|Win32
		{7D3977F4-9E79-4DE9-B36C-006713A78498}.Development|Mixed Platforms.ActiveCfg = BuiltWithUnrealBuildTool|Win32
		{7D3977F4-9E79-4DE9-B36C-006713A78498}.Development|Mixed Platforms.Build.0 = BuiltWithUnrealBuildTool|Win32
		{7D3977F4-9E79-4DE9-B36C-006713A78498}.Development|Win32.ActiveCfg = BuiltWithUnrealBuildTool|Win32
		{7D3977F4-9E79-4DE9-B36C-006713A78498}.Development|Win32.Build.0 = BuiltWithUnrealBuildTool|Win32
		{7D3977F4-9E79-4DE9-B36C-006713A78498}.Development|Win64.ActiveCfg = BuiltWithUnrealBuildTool|Win32
		{7D3977F4-9E79-4DE9-B36C-006713A78498}.Development|x64.ActiveCfg = BuiltWithUnrealBuildTool|Win32
		{7D3977F4-9E79-4DE9-B36C-006713A78498}.Release|Mixed Platforms.ActiveCfg = BuiltWithUnrealBuildTool|Win32
		{7D3977F4-9E79-4DE9-B36C-006713A78498}.Release|Mixed Platforms.Build.0 = BuiltWithUnrealBuildTool|Win32
		{7D3977F4-9E79-4DE9-B36C-006713A78498}.Release|Win32.ActiveCfg = BuiltWithUnrealBuildTool|Win32
		{7D3977F4-9E79-4DE9-B36C-006713A78498}.Release|Win32.Build.0 = BuiltWithUnrealBuildTool|Win32
		{7D3977F4-9E79-4DE9-B36C-006713A78498}.Release|Win64.ActiveCfg = BuiltWithUnrealBuildTool|Win32
		{7D3977F4-9E79-4DE9-B36C-006713A78498}.Release|x64.ActiveCfg = BuiltWithUnrealBuildTool|Win32
		{7D3977F4-9E79-4DE9-B36C-006713A78498}.Shipping|Mixed Platforms.ActiveCfg = BuiltWithUnrealBuildTool|Win32
		{7D3977F4-9E79-4DE9-B36C-006713A78498}.Shipping|Mixed Platforms.Build.0 = BuiltWithUnrealBuildTool|Win32
		{7D3977F4-9E79-4DE9-B36C-006713A78498}.Shipping|Win32.ActiveCfg = BuiltWithUnrealBuildTool|Win32
		{7D3977F4-9E79-4DE9-B36C-006713A78498}.Shipping|Win32.Build.0 = BuiltWithUnrealBuildTool|Win32
		{7D3977F4-9E79-4DE9-B36C-006713A78498}.Shipping|Win64.ActiveCfg = BuiltWithUnrealBuildTool|Win32
		{7D3977F4-9E79-4DE9-B36C-006713A78498}.Shipping|x64.ActiveCfg = BuiltWithUnrealBuildTool|Win32
		{5A5C6BF3-B19C-4732-81AB-EE84C2E00615}.Debug|Mixed Platforms.ActiveCfg = DebugGame_Game|Win32
		{5A5C6BF3-B19C-4732-81AB-EE84C2E00615}.Debug|Mixed Platforms.Build.0 = DebugGame_Game|Win32
		{5A5C6BF3-B19C-4732-81AB-EE84C2E00615}.Debug|Win32.ActiveCfg = DebugGame_Game|Win32
		{5A5C6BF3-B19C-4732-81AB-EE84C2E00615}.Debug|Win32.Build.0 = DebugGame_Game|Win32
		{5A5C6BF3-B19C-4732-81AB-EE84C2E00615}.Debug|Win64.ActiveCfg = DebugGame_Game|Win32
		{5A5C6BF3-B19C-4732-81AB-EE84C2E00615}.Debug|x64.ActiveCfg = DebugGame_Game|x64
		{5A5C6BF3-B19C-4732-81AB-EE84C2E00615}.Debug|x64.Build.0 = DebugGame_Game|x64
		{5A5C6BF3-B19C-4732-81AB-EE84C2E00615}.DebugGame Editor|Mixed Platforms.ActiveCfg = DebugGame_Game|Win32
		{5A5C6BF3-B19C-4732-81AB-EE84C2E00615}.DebugGame Editor|Mixed Platforms.Build.0 = DebugGame_Game|Win32
		{5A5C6BF3-B19C-4732-81AB-EE84C2E00615}.DebugGame Editor|Win32.ActiveCfg = DebugGame_Editor|Win32
		{5A5C6BF3-B19C-4732-81AB-EE84C2E00615}.DebugGame Editor|Win32.Build.0 = DebugGame_Editor|Win32
		{5A5C6BF3-B19C-4732-81AB-EE84C2E00615}.DebugGame Editor|Win64.ActiveCfg = DebugGame_Editor|x64
		{5A5C6BF3-B19C-4732-81AB-EE84C2E00615}.DebugGame Editor|Win64.Build.0 = DebugGame_Editor|x64
		{5A5C6BF3-B19C-4732-81AB-EE84C2E00615}.DebugGame Editor|x64.ActiveCfg = DebugGame_Game|x64
		{5A5C6BF3-B19C-4732-81AB-EE84C2E00615}.DebugGame Editor|x64.Build.0 = DebugGame_Game|x64
		{5A5C6BF3-B19C-4732-81AB-EE84C2E00615}.DebugGame|Mixed Platforms.ActiveCfg = DebugGame_Game|Win32
		{5A5C6BF3-B19C-4732-81AB-EE84C2E00615}.DebugGame|Mixed Platforms.Build.0 = DebugGame_Game|Win32
		{5A5C6BF3-B19C-4732-81AB-EE84C2E00615}.DebugGame|Win32.ActiveCfg = DebugGame_Game|Win32
		{5A5C6BF3-B19C-4732-81AB-EE84C2E00615}.DebugGame|Win32.Build.0 = DebugGame_Game|Win32
		{5A5C6BF3-B19C-4732-81AB-EE84C2E00615}.DebugGame|Win64.ActiveCfg = DebugGame_Game|x64
		{5A5C6BF3-B19C-4732-81AB-EE84C2E00615}.DebugGame|Win64.Build.0 = DebugGame_Game|x64
		{5A5C6BF3-B19C-4732-81AB-EE84C2E00615}.DebugGame|x64.ActiveCfg = DebugGame_Game|x64
		{5A5C6BF3-B19C-4732-81AB-EE84C2E00615}.DebugGame|x64.Build.0 = DebugGame_Game|x64
		{5A5C6BF3-B19C-4732-81AB-EE84C2E00615}.Development Editor|Mixed Platforms.ActiveCfg = Development_Game|Win32
		{5A5C6BF3-B19C-4732-81AB-EE84C2E00615}.Development Editor|Mixed Platforms.Build.0 = Development_Game|Win32
		{5A5C6BF3-B19C-4732-81AB-EE84C2E00615}.Development Editor|Win32.ActiveCfg = Development_Editor|Win32
		{5A5C6BF3-B19C-4732-81AB-EE84C2E00615}.Development Editor|Win32.Build.0 = Development_Editor|Win32
		{5A5C6BF3-B19C-4732-81AB-EE84C2E00615}.Development Editor|Win64.ActiveCfg = Development_Editor|x64
		{5A5C6BF3-B19C-4732-81AB-EE84C2E00615}.Development Editor|Win64.Build.0 = Development_Editor|x64
		{5A5C6BF3-B19C-4732-81AB-EE84C2E00615}.Development Editor|x64.ActiveCfg = Development_Editor|x64
		{5A5C6BF3-B19C-4732-81AB-EE84C2E00615}.Development Editor|x64.Build.0 = Development_Editor|x64
		{5A5C6BF3-B19C-4732-81AB-EE84C2E00615}.Development|Mixed Platforms.ActiveCfg = Development_Game|Win32
		{5A5C6BF3-B19C-4732-81AB-EE84C2E00615}.Development|Mixed Platforms.Build.0 = Development_Game|Win32
		{5A5C6BF3-B19C-4732-81AB-EE84C2E00615}.Development|Win32.ActiveCfg = Development_Game|Win32
		{5A5C6BF3-B19C-4732-81AB-EE84C2E00615}.Development|Win32.Build.0 = Development_Game|Win32
		{5A5C6BF3-B19C-4732-81AB-EE84C2E00615}.Development|Win64.ActiveCfg = Development_Game|x64
		{5A5C6BF3-B19C-4732-81AB-EE84C2E00615}.Development|Win64.Build.0 = Development_Game|x64
		{5A5C6BF3-B19C-4732-81AB-EE84C2E00615}.Development|x64.ActiveCfg = Development_Game|x64
		{5A5C6BF3-B19C-4732-81AB-EE84C2E00615}.Development|x64.Build.0 = Development_Game|x64
		{5A5C6BF3-B19C-4732-81AB-EE84C2E00615}.Release|Mixed Platforms.ActiveCfg = Shipping_Game|Win32
		{5A5C6BF3-B19C-4732-81AB-EE84C2E00615}.Release|Mixed Platforms.Build.0 = Shipping_Game|Win32
		{5A5C6BF3-B19C-4732-81AB-EE84C2E00615}.Release|Win32.ActiveCfg = Shipping_Game|Win32
		{5A5C6BF3-B19C-4732-81AB-EE84C2E00615}.Release|Win32.Build.0 = Shipping_Game|Win32
		{5A5C6BF3-B19C-4732-81AB-EE84C2E00615}.Release|Win64.ActiveCfg = Shipping_Game|Win32
		{5A5C6BF3-B19C-4732-81AB-EE84C2E00615}.Release|x64.ActiveCfg = Shipping_Game|x64
		{5A5C6BF3-B19C-4732-81AB-EE84C2E00615}.Release|x64.Build.0 = Shipping_Game|x64
		{5A5C6BF3-B19C-4732-81AB-EE84C2E00615}.Shipping|Mixed Platforms.ActiveCfg = Shipping_Game|Win32
		{5A5C6BF3-B19C-4732-81AB-EE84C2E00615}.Shipping|Mixed Platforms.Build.0 = Shipping_Game|Win32
		{5A5C6BF3-B19C-4732-81AB-EE84C2E00615}.Shipping|Win32.ActiveCfg = Shipping_Game|Win32
		{5A5C6BF3-B19C-4732-81AB-EE84C2E00615}.Shipping|Win32.Build.0 = Shipping_Game|Win32
		{5A5C6BF3-B19C-4732-81AB-EE84C2E00615}.Shipping|Win64.ActiveCfg = Shipping_Game|x64
		{5A5C6BF3-B19C-4732-81AB-EE84C2E00615}.Shipping|Win64.Build.0 = Shipping_Game|x64
		{5A5C6BF3-B19C-4732-81AB-EE84C2E00615}.Shipping|x64.ActiveCfg = Shipping_Game|x64
		{5A5C6BF3-B19C-4732-81AB-EE84C2E00615}.Shipping|x64.Build.0 = Shipping_Game|x64
		{FC5FE22C-9C91-4EFA-9D74-37DDE38F05D6}.Debug|Mixed Platforms.ActiveCfg = Debug|Win32
		{FC5FE22C-9C91-4EFA-9D74-37DDE38F05D6}.Debug|Mixed Platforms.Build.0 = Debug|Win32
		{FC5FE22C-9C91-4EFA-9D74-37DDE38F05D6}.Debug|Win32.ActiveCfg = Debug|Win32
		{FC5FE22C-9C91-4EFA-9D74-37DDE38F05D6}.Debug|Win32.Build.0 = Debug|Win32
		{FC5FE22C-9C91-4EFA-9D74-37DDE38F05D6}.Debug|Win64.ActiveCfg = Debug|Win32
		{FC5FE22C-9C91-4EFA-9D74-37DDE38F05D6}.Debug|x64.ActiveCfg = Debug|x64
		{FC5FE22C-9C91-4EFA-9D74-37DDE38F05D6}.Debug|x64.Build.0 = Debug|x64
		{FC5FE22C-9C91-4EFA-9D74-37DDE38F05D6}.DebugGame Editor|Mixed Platforms.ActiveCfg = Debug|Win32
		{FC5FE22C-9C91-4EFA-9D74-37DDE38F05D6}.DebugGame Editor|Mixed Platforms.Build.0 = Debug|Win32
		{FC5FE22C-9C91-4EFA-9D74-37DDE38F05D6}.DebugGame Editor|Win32.ActiveCfg = Debug|Win32
		{FC5FE22C-9C91-4EFA-9D74-37DDE38F05D6}.DebugGame Editor|Win32.Build.0 = Debug|Win32
		{FC5FE22C-9C91-4EFA-9D74-37DDE38F05D6}.DebugGame Editor|Win64.ActiveCfg = Debug|Win32
		{FC5FE22C-9C91-4EFA-9D74-37DDE38F05D6}.DebugGame Editor|x64.ActiveCfg = Debug|x64
		{FC5FE22C-9C91-4EFA-9D74-37DDE38F05D6}.DebugGame Editor|x64.Build.0 = Debug|x64
		{FC5FE22C-9C91-4EFA-9D74-37DDE38F05D6}.DebugGame|Mixed Platforms.ActiveCfg = Debug|Win32
		{FC5FE22C-9C91-4EFA-9D74-37DDE38F05D6}.DebugGame|Mixed Platforms.Build.0 = Debug|Win32
		{FC5FE22C-9C91-4EFA-9D74-37DDE38F05D6}.DebugGame|Win32.ActiveCfg = Debug|Win32
		{FC5FE22C-9C91-4EFA-9D74-37DDE38F05D6}.DebugGame|Win32.Build.0 = Debug|Win32
		{FC5FE22C-9C91-4EFA-9D74-37DDE38F05D6}.DebugGame|Win64.ActiveCfg = Debug|Win32
		{FC5FE22C-9C91-4EFA-9D74-37DDE38F05D6}.DebugGame|x64.ActiveCfg = Debug|x64
		{FC5FE22C-9C91-4EFA-9D74-37DDE38F05D6}.DebugGame|x64.Build.0 = Debug|x64
		{FC5FE22C-9C91-4EFA-9D74-37DDE38F05D6}.Development Editor|Mixed Platforms.ActiveCfg = Debug|Win32
		{FC5FE22C-9C91-4EFA-9D74-37DDE38F05D6}.Development Editor|Mixed Platforms.Build.0 = Debug|Win32
		{FC5FE22C-9C91-4EFA-9D74-37DDE38F05D6}.Development Editor|Win32.ActiveCfg = Debug|Win32
		{FC5FE22C-9C91-4EFA-9D74-37DDE38F05D6}.Development Editor|Win32.Build.0 = Debug|Win32
		{FC5FE22C-9C91-4EFA-9D74-37DDE38F05D6}.Development Editor|Win64.ActiveCfg = Debug|Win32
		{FC5FE22C-9C91-4EFA-9D74-37DDE38F05D6}.Development Editor|x64.ActiveCfg = Release|x64
		{FC5FE22C-9C91-4EFA-9D74-37DDE38F05D6}.Development Editor|x64.Build.0 = Release|x64
		{FC5FE22C-9C91-4EFA-9D74-37DDE38F05D6}.Development|Mixed Platforms.ActiveCfg = Debug|Win32
		{FC5FE22C-9C91-4EFA-9D74-37DDE38F05D6}.Development|Mixed Platforms.Build.0 = Debug|Win32
		{FC5FE22C-9C91-4EFA-9D74-37DDE38F05D6}.Development|Win32.ActiveCfg = Debug|Win32
		{FC5FE22C-9C91-4EFA-9D74-37DDE38F05D6}.Development|Win32.Build.0 = Debug|Win32
		{FC5FE22C-9C91-4EFA-9D74-37DDE38F05D6}.Development|Win64.ActiveCfg = Debug|Win32
		{FC5FE22C-9C91-4EFA-9D74-37DDE38F05D6}.Development|x64.ActiveCfg = Release|x64
		{FC5FE22C-9C91-4EFA-9D74-37DDE38F05D6}.Development|x64.Build.0 = Release|x64
		{FC5FE22C-9C91-4EFA-9D74-37DDE38F05D6}.Release|Mixed Platforms.ActiveCfg = Release|Win32
		{FC5FE22C-9C91-4EFA-9D74-37DDE38F05D6}.Release|Mixed Platforms.Build.0 = Release|Win32
		{FC5FE22C-9C91-4EFA-9D74-37DDE38F05D6}.Release|Win32.ActiveCfg = Release|Win32
		{FC5FE22C-9C91-4EFA-9D74-37DDE38F05D6}.Release|Win32.Build.0 = Release|Win32
		{FC5FE22C-9C91-4EFA-9D74-37DDE38F05D6}.Release|Win64.ActiveCfg = Release|Win32
		{FC5FE22C-9C91-4EFA-9D74-37DDE38F05D6}.Release|x64.ActiveCfg = Release|x64
		{FC5FE22C-9C91-4EFA-9D74-37DDE38F05D6}.Release|x64.Build.0 = Release|x64
		{FC5FE22C-9C91-4EFA-9D74-37DDE38F05D6}.Shipping|Mixed Platforms.ActiveCfg = Release|Win32
		{FC5FE22C-9C91-4EFA-9D74-37DDE38F05D6}.Shipping|Mixed Platforms.Build.0 = Release|Win32
		{FC5FE22C-9C91-4EFA-9D74-37DDE38F05D6}.Shipping|Win32.ActiveCfg = Release|Win32
		{FC5FE22C-9C91-4EFA-9D74-37DDE38F05D6}.Shipping|Win32.Build.0 = Release|Win32
		{FC5FE22C-9C91-4EFA-9D74-37DDE38F05D6}.Shipping|Win64.ActiveCfg = Release|Win32
		{FC5FE22C-9C91-4EFA-9D74-37DDE38F05D6}.Shipping|x64.ActiveCfg = Release|x64
		{FC5FE22C-9C91-4EFA-9D74-37DDE38F05D6}.Shipping|x64.Build.0 = Release|x64
	EndGlobalSection
	GlobalSection(SolutionProperties) = preSolution
		HideSolutionNode = FALSE
	EndGlobalSection
	GlobalSection(NestedProjects) = preSolution
		{7D3977F4-9E79-4DE9-B36C-006713A78498} = {7FD3BDEF-A0FF-432B-81C3-8CC63DBEAF10}
		{5A5C6BF3-B19C-4732-81AB-EE84C2E00615} = {B99AF4BE-48DD-413F-AA24-7D078CD07FC2}
		{FC5FE22C-9C91-4EFA-9D74-37DDE38F05D6} = {B99AF4BE-48DD-413F-AA24-7D078CD07FC2}
	EndGlobalSection
EndGlobal
